// !$*UTF8*$!
{
	archiveVersion = 1;
	classes = {
	};
	objectVersion = 56;
	objects = {

/* Begin PBXBuildFile section */
		61EC2A181B1EB1C8311B6776 /* Pods_viperBase.framework in Frameworks */ = {isa = PBXBuildFile; fileRef = 7D9B0857C0C47455FCBA2018 /* Pods_viperBase.framework */; };
		DF04F6092A501B0C00DEA7B7 /* HomeViewController.swift in Sources */ = {isa = PBXBuildFile; fileRef = DF04F6072A501B0C00DEA7B7 /* HomeViewController.swift */; };
		DF04F60A2A501B0C00DEA7B7 /* HomeViewController.xib in Resources */ = {isa = PBXBuildFile; fileRef = DF04F6082A501B0C00DEA7B7 /* HomeViewController.xib */; };
		DF04F6102A50259500DEA7B7 /* UIViewControllerExtension.swift in Sources */ = {isa = PBXBuildFile; fileRef = DF04F60F2A50259500DEA7B7 /* UIViewControllerExtension.swift */; };
		DF2E51012A4C06C5005DA684 /* AppDelegate.swift in Sources */ = {isa = PBXBuildFile; fileRef = DF2E51002A4C06C5005DA684 /* AppDelegate.swift */; };
		DF2E51032A4C06C5005DA684 /* SceneDelegate.swift in Sources */ = {isa = PBXBuildFile; fileRef = DF2E51022A4C06C5005DA684 /* SceneDelegate.swift */; };
		DF2E51052A4C06C5005DA684 /* ViewController.swift in Sources */ = {isa = PBXBuildFile; fileRef = DF2E51042A4C06C5005DA684 /* ViewController.swift */; };
		DF2E510A2A4C06C6005DA684 /* Assets.xcassets in Resources */ = {isa = PBXBuildFile; fileRef = DF2E51092A4C06C6005DA684 /* Assets.xcassets */; };
		DF2E510D2A4C06C6005DA684 /* LaunchScreen.storyboard in Resources */ = {isa = PBXBuildFile; fileRef = DF2E510B2A4C06C6005DA684 /* LaunchScreen.storyboard */; };
		DFC635772A4DCFA700C8B429 /* MainProtocols.swift in Sources */ = {isa = PBXBuildFile; fileRef = DFC635762A4DCFA700C8B429 /* MainProtocols.swift */; };
		DFC635792A4DD9DE00C8B429 /* BaseViewController.swift in Sources */ = {isa = PBXBuildFile; fileRef = DFC635782A4DD9DE00C8B429 /* BaseViewController.swift */; };
		DFC6357B2A4DDF4D00C8B429 /* MainPresenter.swift in Sources */ = {isa = PBXBuildFile; fileRef = DFC6357A2A4DDF4D00C8B429 /* MainPresenter.swift */; };
		DFC6357D2A4DE00300C8B429 /* MainRouter.swift in Sources */ = {isa = PBXBuildFile; fileRef = DFC6357C2A4DE00300C8B429 /* MainRouter.swift */; };
		DFC635802A4DE79400C8B429 /* Main.storyboard in Resources */ = {isa = PBXBuildFile; fileRef = DFC6357E2A4DE79400C8B429 /* Main.storyboard */; };
/* End PBXBuildFile section */

/* Begin PBXFileReference section */
		466626D63F3B2628C0FBE638 /* Pods-viperBase.release.xcconfig */ = {isa = PBXFileReference; includeInIndex = 1; lastKnownFileType = text.xcconfig; name = "Pods-viperBase.release.xcconfig"; path = "Target Support Files/Pods-viperBase/Pods-viperBase.release.xcconfig"; sourceTree = "<group>"; };
		7D9B0857C0C47455FCBA2018 /* Pods_viperBase.framework */ = {isa = PBXFileReference; explicitFileType = wrapper.framework; includeInIndex = 0; path = Pods_viperBase.framework; sourceTree = BUILT_PRODUCTS_DIR; };
		947226F78BAE7B35C0EB6A4F /* Pods-viperBase.debug.xcconfig */ = {isa = PBXFileReference; includeInIndex = 1; lastKnownFileType = text.xcconfig; name = "Pods-viperBase.debug.xcconfig"; path = "Target Support Files/Pods-viperBase/Pods-viperBase.debug.xcconfig"; sourceTree = "<group>"; };
		DF04F6072A501B0C00DEA7B7 /* HomeViewController.swift */ = {isa = PBXFileReference; lastKnownFileType = sourcecode.swift; path = HomeViewController.swift; sourceTree = "<group>"; };
		DF04F6082A501B0C00DEA7B7 /* HomeViewController.xib */ = {isa = PBXFileReference; lastKnownFileType = file.xib; path = HomeViewController.xib; sourceTree = "<group>"; };
		DF04F60F2A50259500DEA7B7 /* UIViewControllerExtension.swift */ = {isa = PBXFileReference; lastKnownFileType = sourcecode.swift; path = UIViewControllerExtension.swift; sourceTree = "<group>"; };
		DF2E50FD2A4C06C5005DA684 /* viperBase.app */ = {isa = PBXFileReference; explicitFileType = wrapper.application; includeInIndex = 0; path = viperBase.app; sourceTree = BUILT_PRODUCTS_DIR; };
		DF2E51002A4C06C5005DA684 /* AppDelegate.swift */ = {isa = PBXFileReference; lastKnownFileType = sourcecode.swift; path = AppDelegate.swift; sourceTree = "<group>"; };
		DF2E51022A4C06C5005DA684 /* SceneDelegate.swift */ = {isa = PBXFileReference; lastKnownFileType = sourcecode.swift; path = SceneDelegate.swift; sourceTree = "<group>"; };
		DF2E51042A4C06C5005DA684 /* ViewController.swift */ = {isa = PBXFileReference; lastKnownFileType = sourcecode.swift; path = ViewController.swift; sourceTree = "<group>"; };
		DF2E51092A4C06C6005DA684 /* Assets.xcassets */ = {isa = PBXFileReference; lastKnownFileType = folder.assetcatalog; path = Assets.xcassets; sourceTree = "<group>"; };
		DF2E510C2A4C06C6005DA684 /* Base */ = {isa = PBXFileReference; lastKnownFileType = file.storyboard; name = Base; path = Base.lproj/LaunchScreen.storyboard; sourceTree = "<group>"; };
		DF2E510E2A4C06C6005DA684 /* Info.plist */ = {isa = PBXFileReference; lastKnownFileType = text.plist.xml; path = Info.plist; sourceTree = "<group>"; };
		DFC635762A4DCFA700C8B429 /* MainProtocols.swift */ = {isa = PBXFileReference; lastKnownFileType = sourcecode.swift; path = MainProtocols.swift; sourceTree = "<group>"; };
		DFC635782A4DD9DE00C8B429 /* BaseViewController.swift */ = {isa = PBXFileReference; lastKnownFileType = sourcecode.swift; path = BaseViewController.swift; sourceTree = "<group>"; };
		DFC6357A2A4DDF4D00C8B429 /* MainPresenter.swift */ = {isa = PBXFileReference; lastKnownFileType = sourcecode.swift; path = MainPresenter.swift; sourceTree = "<group>"; };
		DFC6357C2A4DE00300C8B429 /* MainRouter.swift */ = {isa = PBXFileReference; lastKnownFileType = sourcecode.swift; path = MainRouter.swift; sourceTree = "<group>"; };
		DFC6357F2A4DE79400C8B429 /* Base */ = {isa = PBXFileReference; lastKnownFileType = file.storyboard; name = Base; path = Base.lproj/Main.storyboard; sourceTree = "<group>"; };
/* End PBXFileReference section */

/* Begin PBXFrameworksBuildPhase section */
		DF2E50FA2A4C06C5005DA684 /* Frameworks */ = {
			isa = PBXFrameworksBuildPhase;
			buildActionMask = 2147483647;
			files = (
				61EC2A181B1EB1C8311B6776 /* Pods_viperBase.framework in Frameworks */,
			);
			runOnlyForDeploymentPostprocessing = 0;
		};
/* End PBXFrameworksBuildPhase section */

/* Begin PBXGroup section */
		1937C5B9066440E8F4E1D069 /* Pods */ = {
			isa = PBXGroup;
			children = (
				947226F78BAE7B35C0EB6A4F /* Pods-viperBase.debug.xcconfig */,
				466626D63F3B2628C0FBE638 /* Pods-viperBase.release.xcconfig */,
			);
			path = Pods;
			sourceTree = "<group>";
		};
		DF04F6042A501A8000DEA7B7 /* Home */ = {
			isa = PBXGroup;
			children = (
				DF04F6072A501B0C00DEA7B7 /* HomeViewController.swift */,
				DF04F6082A501B0C00DEA7B7 /* HomeViewController.xib */,
			);
			path = Home;
			sourceTree = "<group>";
		};
		DF04F60B2A5024D900DEA7B7 /* Modules */ = {
			isa = PBXGroup;
			children = (
				DFC635752A4DCF3D00C8B429 /* Main */,
				DF04F6042A501A8000DEA7B7 /* Home */,
			);
			path = Modules;
			sourceTree = "<group>";
		};
		DF04F60C2A50253800DEA7B7 /* Helper */ = {
			isa = PBXGroup;
			children = (
				DF04F60E2A50255900DEA7B7 /* Extensions */,
				DF04F60D2A50254700DEA7B7 /* CustomView */,
			);
			path = Helper;
			sourceTree = "<group>";
		};
		DF04F60D2A50254700DEA7B7 /* CustomView */ = {
			isa = PBXGroup;
			children = (
			);
			path = CustomView;
			sourceTree = "<group>";
		};
		DF04F60E2A50255900DEA7B7 /* Extensions */ = {
			isa = PBXGroup;
			children = (
				DF04F60F2A50259500DEA7B7 /* UIViewControllerExtension.swift */,
			);
			path = Extensions;
			sourceTree = "<group>";
		};
		DF04F6112A5025FC00DEA7B7 /* Network */ = {
			isa = PBXGroup;
			children = (
				DF04F6122A506CB700DEA7B7 /* Firebase */,
			);
			path = Network;
			sourceTree = "<group>";
		};
		DF04F6122A506CB700DEA7B7 /* Firebase */ = {
			isa = PBXGroup;
			children = (
			);
			path = Firebase;
			sourceTree = "<group>";
		};
		DF2E50F42A4C06C5005DA684 = {
			isa = PBXGroup;
			children = (
				DF2E50FF2A4C06C5005DA684 /* viperBase */,
				DF2E50FE2A4C06C5005DA684 /* Products */,
				1937C5B9066440E8F4E1D069 /* Pods */,
				F95C6477B44F62CED9F48773 /* Frameworks */,
			);
			sourceTree = "<group>";
		};
		DF2E50FE2A4C06C5005DA684 /* Products */ = {
			isa = PBXGroup;
			children = (
				DF2E50FD2A4C06C5005DA684 /* viperBase.app */,
			);
			name = Products;
			sourceTree = "<group>";
		};
		DF2E50FF2A4C06C5005DA684 /* viperBase */ = {
			isa = PBXGroup;
			children = (
				DF04F6112A5025FC00DEA7B7 /* Network */,
				DF04F60C2A50253800DEA7B7 /* Helper */,
				DF04F60B2A5024D900DEA7B7 /* Modules */,
				DF2E51002A4C06C5005DA684 /* AppDelegate.swift */,
				DF2E51022A4C06C5005DA684 /* SceneDelegate.swift */,
				DF2E51092A4C06C6005DA684 /* Assets.xcassets */,
				DF2E510B2A4C06C6005DA684 /* LaunchScreen.storyboard */,
				DF2E510E2A4C06C6005DA684 /* Info.plist */,
			);
			path = viperBase;
			sourceTree = "<group>";
		};
		DFC635752A4DCF3D00C8B429 /* Main */ = {
			isa = PBXGroup;
			children = (
				DF2E51042A4C06C5005DA684 /* ViewController.swift */,
				DFC6357E2A4DE79400C8B429 /* Main.storyboard */,
				DFC635762A4DCFA700C8B429 /* MainProtocols.swift */,
				DFC635782A4DD9DE00C8B429 /* BaseViewController.swift */,
				DFC6357A2A4DDF4D00C8B429 /* MainPresenter.swift */,
				DFC6357C2A4DE00300C8B429 /* MainRouter.swift */,
			);
			path = Main;
			sourceTree = "<group>";
		};
		F95C6477B44F62CED9F48773 /* Frameworks */ = {
			isa = PBXGroup;
			children = (
				7D9B0857C0C47455FCBA2018 /* Pods_viperBase.framework */,
			);
			name = Frameworks;
			sourceTree = "<group>";
		};
/* End PBXGroup section */

/* Begin PBXNativeTarget section */
		DF2E50FC2A4C06C5005DA684 /* viperBase */ = {
			isa = PBXNativeTarget;
			buildConfigurationList = DF2E51112A4C06C6005DA684 /* Build configuration list for PBXNativeTarget "viperBase" */;
			buildPhases = (
				F79176E7EE8D7FB2E82B388E /* [CP] Check Pods Manifest.lock */,
				DF2E50F92A4C06C5005DA684 /* Sources */,
				DF2E50FA2A4C06C5005DA684 /* Frameworks */,
				DF2E50FB2A4C06C5005DA684 /* Resources */,
			);
			buildRules = (
			);
			dependencies = (
			);
			name = viperBase;
			productName = viperBase;
			productReference = DF2E50FD2A4C06C5005DA684 /* viperBase.app */;
			productType = "com.apple.product-type.application";
		};
/* End PBXNativeTarget section */

/* Begin PBXProject section */
		DF2E50F52A4C06C5005DA684 /* Project object */ = {
			isa = PBXProject;
			attributes = {
				BuildIndependentTargetsInParallel = 1;
				LastSwiftUpdateCheck = 1430;
				LastUpgradeCheck = 1430;
				TargetAttributes = {
					DF2E50FC2A4C06C5005DA684 = {
						CreatedOnToolsVersion = 14.3.1;
					};
				};
			};
			buildConfigurationList = DF2E50F82A4C06C5005DA684 /* Build configuration list for PBXProject "viperBase" */;
			compatibilityVersion = "Xcode 14.0";
			developmentRegion = en;
			hasScannedForEncodings = 0;
			knownRegions = (
				en,
				Base,
			);
			mainGroup = DF2E50F42A4C06C5005DA684;
			productRefGroup = DF2E50FE2A4C06C5005DA684 /* Products */;
			projectDirPath = "";
			projectRoot = "";
			targets = (
				DF2E50FC2A4C06C5005DA684 /* viperBase */,
			);
		};
/* End PBXProject section */

/* Begin PBXResourcesBuildPhase section */
		DF2E50FB2A4C06C5005DA684 /* Resources */ = {
			isa = PBXResourcesBuildPhase;
			buildActionMask = 2147483647;
			files = (
				DFC635802A4DE79400C8B429 /* Main.storyboard in Resources */,
				DF04F60A2A501B0C00DEA7B7 /* HomeViewController.xib in Resources */,
				DF2E510D2A4C06C6005DA684 /* LaunchScreen.storyboard in Resources */,
				DF2E510A2A4C06C6005DA684 /* Assets.xcassets in Resources */,
			);
			runOnlyForDeploymentPostprocessing = 0;
		};
/* End PBXResourcesBuildPhase section */

/* Begin PBXShellScriptBuildPhase section */
		F79176E7EE8D7FB2E82B388E /* [CP] Check Pods Manifest.lock */ = {
			isa = PBXShellScriptBuildPhase;
			buildActionMask = 2147483647;
			files = (
			);
			inputFileListPaths = (
			);
			inputPaths = (
				"${PODS_PODFILE_DIR_PATH}/Podfile.lock",
				"${PODS_ROOT}/Manifest.lock",
			);
			name = "[CP] Check Pods Manifest.lock";
			outputFileListPaths = (
			);
			outputPaths = (
				"$(DERIVED_FILE_DIR)/Pods-viperBase-checkManifestLockResult.txt",
			);
			runOnlyForDeploymentPostprocessing = 0;
			shellPath = /bin/sh;
			shellScript = "diff \"${PODS_PODFILE_DIR_PATH}/Podfile.lock\" \"${PODS_ROOT}/Manifest.lock\" > /dev/null\nif [ $? != 0 ] ; then\n    # print error to STDERR\n    echo \"error: The sandbox is not in sync with the Podfile.lock. Run 'pod install' or update your CocoaPods installation.\" >&2\n    exit 1\nfi\n# This output is used by Xcode 'outputs' to avoid re-running this script phase.\necho \"SUCCESS\" > \"${SCRIPT_OUTPUT_FILE_0}\"\n";
			showEnvVarsInLog = 0;
		};
/* End PBXShellScriptBuildPhase section */

/* Begin PBXSourcesBuildPhase section */
		DF2E50F92A4C06C5005DA684 /* Sources */ = {
			isa = PBXSourcesBuildPhase;
			buildActionMask = 2147483647;
			files = (
				DFC635792A4DD9DE00C8B429 /* BaseViewController.swift in Sources */,
				DFC6357D2A4DE00300C8B429 /* MainRouter.swift in Sources */,
				DF04F6102A50259500DEA7B7 /* UIViewControllerExtension.swift in Sources */,
				DFC6357B2A4DDF4D00C8B429 /* MainPresenter.swift in Sources */,
				DF04F6092A501B0C00DEA7B7 /* HomeViewController.swift in Sources */,
				DFC635772A4DCFA700C8B429 /* MainProtocols.swift in Sources */,
				DF2E51052A4C06C5005DA684 /* ViewController.swift in Sources */,
				DF2E51012A4C06C5005DA684 /* AppDelegate.swift in Sources */,
				DF2E51032A4C06C5005DA684 /* SceneDelegate.swift in Sources */,
			);
			runOnlyForDeploymentPostprocessing = 0;
		};
/* End PBXSourcesBuildPhase section */

/* Begin PBXVariantGroup section */
		DF2E510B2A4C06C6005DA684 /* LaunchScreen.storyboard */ = {
			isa = PBXVariantGroup;
			children = (
				DF2E510C2A4C06C6005DA684 /* Base */,
			);
			name = LaunchScreen.storyboard;
			sourceTree = "<group>";
		};
		DFC6357E2A4DE79400C8B429 /* Main.storyboard */ = {
			isa = PBXVariantGroup;
			children = (
				DFC6357F2A4DE79400C8B429 /* Base */,
			);
			name = Main.storyboard;
			sourceTree = "<group>";
		};
/* End PBXVariantGroup section */

/* Begin XCBuildConfiguration section */
		DF2E510F2A4C06C6005DA684 /* Debug */ = {
			isa = XCBuildConfiguration;
			buildSettings = {
				ALWAYS_SEARCH_USER_PATHS = NO;
				CLANG_ANALYZER_NONNULL = YES;
				CLANG_ANALYZER_NUMBER_OBJECT_CONVERSION = YES_AGGRESSIVE;
				CLANG_CXX_LANGUAGE_STANDARD = "gnu++20";
				CLANG_ENABLE_MODULES = YES;
				CLANG_ENABLE_OBJC_ARC = YES;
				CLANG_ENABLE_OBJC_WEAK = YES;
				CLANG_WARN_BLOCK_CAPTURE_AUTORELEASING = YES;
				CLANG_WARN_BOOL_CONVERSION = YES;
				CLANG_WARN_COMMA = YES;
				CLANG_WARN_CONSTANT_CONVERSION = YES;
				CLANG_WARN_DEPRECATED_OBJC_IMPLEMENTATIONS = YES;
				CLANG_WARN_DIRECT_OBJC_ISA_USAGE = YES_ERROR;
				CLANG_WARN_DOCUMENTATION_COMMENTS = YES;
				CLANG_WARN_EMPTY_BODY = YES;
				CLANG_WARN_ENUM_CONVERSION = YES;
				CLANG_WARN_INFINITE_RECURSION = YES;
				CLANG_WARN_INT_CONVERSION = YES;
				CLANG_WARN_NON_LITERAL_NULL_CONVERSION = YES;
				CLANG_WARN_OBJC_IMPLICIT_RETAIN_SELF = YES;
				CLANG_WARN_OBJC_LITERAL_CONVERSION = YES;
				CLANG_WARN_OBJC_ROOT_CLASS = YES_ERROR;
				CLANG_WARN_QUOTED_INCLUDE_IN_FRAMEWORK_HEADER = YES;
				CLANG_WARN_RANGE_LOOP_ANALYSIS = YES;
				CLANG_WARN_STRICT_PROTOTYPES = YES;
				CLANG_WARN_SUSPICIOUS_MOVE = YES;
				CLANG_WARN_UNGUARDED_AVAILABILITY = YES_AGGRESSIVE;
				CLANG_WARN_UNREACHABLE_CODE = YES;
				CLANG_WARN__DUPLICATE_METHOD_MATCH = YES;
				COPY_PHASE_STRIP = NO;
				DEBUG_INFORMATION_FORMAT = dwarf;
				ENABLE_STRICT_OBJC_MSGSEND = YES;
				ENABLE_TESTABILITY = YES;
				GCC_C_LANGUAGE_STANDARD = gnu11;
				GCC_DYNAMIC_NO_PIC = NO;
				GCC_NO_COMMON_BLOCKS = YES;
				GCC_OPTIMIZATION_LEVEL = 0;
				GCC_PREPROCESSOR_DEFINITIONS = (
					"DEBUG=1",
					"$(inherited)",
				);
				GCC_WARN_64_TO_32_BIT_CONVERSION = YES;
				GCC_WARN_ABOUT_RETURN_TYPE = YES_ERROR;
				GCC_WARN_UNDECLARED_SELECTOR = YES;
				GCC_WARN_UNINITIALIZED_AUTOS = YES_AGGRESSIVE;
				GCC_WARN_UNUSED_FUNCTION = YES;
				GCC_WARN_UNUSED_VARIABLE = YES;
				IPHONEOS_DEPLOYMENT_TARGET = 16.4;
				MTL_ENABLE_DEBUG_INFO = INCLUDE_SOURCE;
				MTL_FAST_MATH = YES;
				ONLY_ACTIVE_ARCH = YES;
				SDKROOT = iphoneos;
				SWIFT_ACTIVE_COMPILATION_CONDITIONS = DEBUG;
				SWIFT_OPTIMIZATION_LEVEL = "-Onone";
			};
			name = Debug;
		};
		DF2E51102A4C06C6005DA684 /* Release */ = {
			isa = XCBuildConfiguration;
			buildSettings = {
				ALWAYS_SEARCH_USER_PATHS = NO;
				CLANG_ANALYZER_NONNULL = YES;
				CLANG_ANALYZER_NUMBER_OBJECT_CONVERSION = YES_AGGRESSIVE;
				CLANG_CXX_LANGUAGE_STANDARD = "gnu++20";
				CLANG_ENABLE_MODULES = YES;
				CLANG_ENABLE_OBJC_ARC = YES;
				CLANG_ENABLE_OBJC_WEAK = YES;
				CLANG_WARN_BLOCK_CAPTURE_AUTORELEASING = YES;
				CLANG_WARN_BOOL_CONVERSION = YES;
				CLANG_WARN_COMMA = YES;
				CLANG_WARN_CONSTANT_CONVERSION = YES;
				CLANG_WARN_DEPRECATED_OBJC_IMPLEMENTATIONS = YES;
				CLANG_WARN_DIRECT_OBJC_ISA_USAGE = YES_ERROR;
				CLANG_WARN_DOCUMENTATION_COMMENTS = YES;
				CLANG_WARN_EMPTY_BODY = YES;
				CLANG_WARN_ENUM_CONVERSION = YES;
				CLANG_WARN_INFINITE_RECURSION = YES;
				CLANG_WARN_INT_CONVERSION = YES;
				CLANG_WARN_NON_LITERAL_NULL_CONVERSION = YES;
				CLANG_WARN_OBJC_IMPLICIT_RETAIN_SELF = YES;
				CLANG_WARN_OBJC_LITERAL_CONVERSION = YES;
				CLANG_WARN_OBJC_ROOT_CLASS = YES_ERROR;
				CLANG_WARN_QUOTED_INCLUDE_IN_FRAMEWORK_HEADER = YES;
				CLANG_WARN_RANGE_LOOP_ANALYSIS = YES;
				CLANG_WARN_STRICT_PROTOTYPES = YES;
				CLANG_WARN_SUSPICIOUS_MOVE = YES;
				CLANG_WARN_UNGUARDED_AVAILABILITY = YES_AGGRESSIVE;
				CLANG_WARN_UNREACHABLE_CODE = YES;
				CLANG_WARN__DUPLICATE_METHOD_MATCH = YES;
				COPY_PHASE_STRIP = NO;
				DEBUG_INFORMATION_FORMAT = "dwarf-with-dsym";
				ENABLE_NS_ASSERTIONS = NO;
				ENABLE_STRICT_OBJC_MSGSEND = YES;
				GCC_C_LANGUAGE_STANDARD = gnu11;
				GCC_NO_COMMON_BLOCKS = YES;
				GCC_WARN_64_TO_32_BIT_CONVERSION = YES;
				GCC_WARN_ABOUT_RETURN_TYPE = YES_ERROR;
				GCC_WARN_UNDECLARED_SELECTOR = YES;
				GCC_WARN_UNINITIALIZED_AUTOS = YES_AGGRESSIVE;
				GCC_WARN_UNUSED_FUNCTION = YES;
				GCC_WARN_UNUSED_VARIABLE = YES;
				IPHONEOS_DEPLOYMENT_TARGET = 16.4;
				MTL_ENABLE_DEBUG_INFO = NO;
				MTL_FAST_MATH = YES;
				SDKROOT = iphoneos;
				SWIFT_COMPILATION_MODE = wholemodule;
				SWIFT_OPTIMIZATION_LEVEL = "-O";
				VALIDATE_PRODUCT = YES;
			};
			name = Release;
		};
		DF2E51122A4C06C6005DA684 /* Debug */ = {
			isa = XCBuildConfiguration;
			baseConfigurationReference = 947226F78BAE7B35C0EB6A4F /* Pods-viperBase.debug.xcconfig */;
			buildSettings = {
				ASSETCATALOG_COMPILER_APPICON_NAME = AppIcon;
				ASSETCATALOG_COMPILER_GLOBAL_ACCENT_COLOR_NAME = AccentColor;
				CODE_SIGN_STYLE = Automatic;
				CURRENT_PROJECT_VERSION = 1;
				DEVELOPMENT_TEAM = 7TH4AM6FM5;
				GENERATE_INFOPLIST_FILE = YES;
				INFOPLIST_FILE = viperBase/Info.plist;
				INFOPLIST_KEY_UIApplicationSupportsIndirectInputEvents = YES;
				INFOPLIST_KEY_UILaunchStoryboardName = LaunchScreen;
				INFOPLIST_KEY_UIMainStoryboardFile = Main;
				INFOPLIST_KEY_UISupportedInterfaceOrientations_iPad = "UIInterfaceOrientationPortrait UIInterfaceOrientationPortraitUpsideDown UIInterfaceOrientationLandscapeLeft UIInterfaceOrientationLandscapeRight";
				INFOPLIST_KEY_UISupportedInterfaceOrientations_iPhone = "UIInterfaceOrientationPortrait UIInterfaceOrientationLandscapeLeft UIInterfaceOrientationLandscapeRight";
				IPHONEOS_DEPLOYMENT_TARGET = 14.0;
				LD_RUNPATH_SEARCH_PATHS = (
					"$(inherited)",
					"@executable_path/Frameworks",
				);
				MARKETING_VERSION = 1.0;
				PRODUCT_BUNDLE_IDENTIFIER = hunguet.viperBase;
				PRODUCT_NAME = "$(TARGET_NAME)";
				SWIFT_EMIT_LOC_STRINGS = YES;
				SWIFT_VERSION = 5.0;
				TARGETED_DEVICE_FAMILY = "1,2";
			};
			name = Debug;
		};
		DF2E51132A4C06C6005DA684 /* Release */ = {
			isa = XCBuildConfiguration;
			baseConfigurationReference = 466626D63F3B2628C0FBE638 /* Pods-viperBase.release.xcconfig */;
			buildSettings = {
				ASSETCATALOG_COMPILER_APPICON_NAME = AppIcon;
				ASSETCATALOG_COMPILER_GLOBAL_ACCENT_COLOR_NAME = AccentColor;
				CODE_SIGN_STYLE = Automatic;
				CURRENT_PROJECT_VERSION = 1;
				DEVELOPMENT_TEAM = 7TH4AM6FM5;
				GENERATE_INFOPLIST_FILE = YES;
				INFOPLIST_FILE = viperBase/Info.plist;
				INFOPLIST_KEY_UIApplicationSupportsIndirectInputEvents = YES;
				INFOPLIST_KEY_UILaunchStoryboardName = LaunchScreen;
				INFOPLIST_KEY_UIMainStoryboardFile = Main;
				INFOPLIST_KEY_UISupportedInterfaceOrientations_iPad = "UIInterfaceOrientationPortrait UIInterfaceOrientationPortraitUpsideDown UIInterfaceOrientationLandscapeLeft UIInterfaceOrientationLandscapeRight";
				INFOPLIST_KEY_UISupportedInterfaceOrientations_iPhone = "UIInterfaceOrientationPortrait UIInterfaceOrientationLandscapeLeft UIInterfaceOrientationLandscapeRight";
				IPHONEOS_DEPLOYMENT_TARGET = 14.0;
				LD_RUNPATH_SEARCH_PATHS = (
					"$(inherited)",
					"@executable_path/Frameworks",
				);
				MARKETING_VERSION = 1.0;
				PRODUCT_BUNDLE_IDENTIFIER = hunguet.viperBase;
				PRODUCT_NAME = "$(TARGET_NAME)";
				SWIFT_EMIT_LOC_STRINGS = YES;
				SWIFT_VERSION = 5.0;
				TARGETED_DEVICE_FAMILY = "1,2";
			};
			name = Release;
		};
/* End XCBuildConfiguration section */

/* Begin XCConfigurationList section */
		DF2E50F82A4C06C5005DA684 /* Build configuration list for PBXProject "viperBase" */ = {
			isa = XCConfigurationList;
			buildConfigurations = (
				DF2E510F2A4C06C6005DA684 /* Debug */,
				DF2E51102A4C06C6005DA684 /* Release */,
			);
			defaultConfigurationIsVisible = 0;
			defaultConfigurationName = Release;
		};
		DF2E51112A4C06C6005DA684 /* Build configuration list for PBXNativeTarget "viperBase" */ = {
			isa = XCConfigurationList;
			buildConfigurations = (
				DF2E51122A4C06C6005DA684 /* Debug */,
				DF2E51132A4C06C6005DA684 /* Release */,
			);
			defaultConfigurationIsVisible = 0;
			defaultConfigurationName = Release;
		};
/* End XCConfigurationList section */
	};
	rootObject = DF2E50F52A4C06C5005DA684 /* Project object */;
}
